
Microsoft Visual Studio Solution File, Format Version 12.00
# Visual Studio Version 17
VisualStudioVersion = 17.0.31903.59
MinimumVisualStudioVersion = 10.0.40219.1
Project("{9A19103F-16F7-4668-BE54-9A1E7A4F7556}") = "CustomerService.Tests", "CustomerService.Tests\CustomerService.Tests.csproj", "{79959FE4-3195-4695-9AF0-5A6F2802109B}"
EndProject
Project("{9A19103F-16F7-4668-BE54-9A1E7A4F7556}") = "CustomerService", "CustomerService\CustomerService.csproj", "{79DA24C8-C640-4CAF-BC9A-896CB9E4EA39}"
EndProject
Global
	GlobalSection(SolutionConfigurationPlatforms) = preSolution
		Debug|Any CPU = Debug|Any CPU
		Release|Any CPU = Release|Any CPU
	EndGlobalSection
	GlobalSection(ProjectConfigurationPlatforms) = postSolution
		{79959FE4-3195-4695-9AF0-5A6F2802109B}.Debug|Any CPU.ActiveCfg = Debug|Any CPU
		{79959FE4-3195-4695-9AF0-5A6F2802109B}.Debug|Any CPU.Build.0 = Debug|Any CPU
		{79959FE4-3195-4695-9AF0-5A6F2802109B}.Release|Any CPU.ActiveCfg = Release|Any CPU
		{79959FE4-3195-4695-9AF0-5A6F2802109B}.Release|Any CPU.Build.0 = Release|Any CPU
		{79DA24C8-C640-4CAF-BC9A-896CB9E4EA39}.Debug|Any CPU.ActiveCfg = Debug|Any CPU
		{79DA24C8-C640-4CAF-BC9A-896CB9E4EA39}.Debug|Any CPU.Build.0 = Debug|Any CPU
		{79DA24C8-C640-4CAF-BC9A-896CB9E4EA39}.Release|Any CPU.ActiveCfg = Release|Any CPU
		{79DA24C8-C640-4CAF-BC9A-896CB9E4EA39}.Release|Any CPU.Build.0 = Release|Any CPU
	EndGlobalSection
	GlobalSection(SolutionProperties) = preSolution
		HideSolutionNode = FALSE
	EndGlobalSection
	GlobalSection(ExtensibilityGlobals) = postSolution
		SolutionGuid = {421E15C9-D2B0-477D-8D55-4C7F1A05F221}
	EndGlobalSection
EndGlobal
